
Microsoft Visual Studio Solution File, Format Version 12.00
# Visual Studio 2012
Project("{FAE04EC0-301F-11D3-BF4B-00C04F79EFBC}") = "calculadora", "calculadora\calculadora.csproj", "{2AEE461B-B2A2-48CC-A2B0-7F04645AC6BD}"
EndProject
Global
	GlobalSection(SolutionConfigurationPlatforms) = preSolution
		Debug|Any CPU = Debug|Any CPU
		Release|Any CPU = Release|Any CPU
	EndGlobalSection
	GlobalSection(ProjectConfigurationPlatforms) = postSolution
		{2AEE461B-B2A2-48CC-A2B0-7F04645AC6BD}.Debug|Any CPU.ActiveCfg = Debug|Any CPU
		{2AEE461B-B2A2-48CC-A2B0-7F04645AC6BD}.Debug|Any CPU.Build.0 = Debug|Any CPU
		{2AEE461B-B2A2-48CC-A2B0-7F04645AC6BD}.Release|Any CPU.ActiveCfg = Release|Any CPU
		{2AEE461B-B2A2-48CC-A2B0-7F04645AC6BD}.Release|Any CPU.Build.0 = Release|Any CPU
	EndGlobalSection
	GlobalSection(SolutionProperties) = preSolution
		HideSolutionNode = FALSE
	EndGlobalSection
EndGlobal
